{
    "name": "puzzle",
    "version": "0.0.0",
    "lockfileVersion": 3,
    "requires": true,
    "packages": {
        "": {
            "name": "puzzle",
            "version": "0.0.0",
            "dependencies": {
                "@types/three": "^0.151.0",
                "bulma": "^0.7.5",
                "rollup": "^1.32.1",
                "rollup-plugin-node-resolve": "^5.2.0",
                "three": "^0.152.2"
            }
        },
        "node_modules/@types/estree": {
            "version": "0.0.39",
            "resolved": "https://registry.npmjs.org/@types/estree/-/estree-0.0.39.tgz",
            "integrity": "sha512-EYNwp3bU+98cpU4lAWYYL7Zz+2gryWH1qbdDTidVd6hkiR6weksdbMadyXKXNPEkQFhXM+hVO9ZygomHXp+AIw=="
        },
        "node_modules/@types/node": {
            "version": "12.7.5",
            "resolved": "https://registry.npmjs.org/@types/node/-/node-12.7.5.tgz",
            "integrity": "sha512-9fq4jZVhPNW8r+UYKnxF1e2HkDWOWKM5bC2/7c9wPV835I0aOrVbS/Hw/pWPk2uKrNXQqg9Z959Kz+IYDd5p3w=="
        },
        "node_modules/@types/resolve": {
            "version": "0.0.8",
            "resolved": "https://registry.npmjs.org/@types/resolve/-/resolve-0.0.8.tgz",
            "integrity": "sha512-auApPaJf3NPfe18hSoJkp8EbZzer2ISk7o8mCC3M9he/a04+gbMF97NkpD2S8riMGvm4BMRI59/SZQSaLTKpsQ==",
            "dependencies": {
                "@types/node": "*"
            }
        },
        "node_modules/@types/stats.js": {
            "version": "0.17.0",
            "resolved": "https://registry.npmjs.org/@types/stats.js/-/stats.js-0.17.0.tgz",
            "integrity": "sha512-9w+a7bR8PeB0dCT/HBULU2fMqf6BAzvKbxFboYhmDtDkKPiyXYbjoe2auwsXlEFI7CFNMF1dCv3dFH5Poy9R1w=="
        },
        "node_modules/@types/three": {
            "version": "0.151.0",
            "resolved": "https://registry.npmjs.org/@types/three/-/three-0.151.0.tgz",
            "integrity": "sha512-hwOyN4szaikHsNzqbYLBfGvXi+TA/1TIKvK3ujJi+cQXzYzE5ZymzlDnOA6/cTSozY1juPFE3u5agToVQKb9TQ==",
            "dependencies": {
                "@types/stats.js": "*",
                "@types/webxr": "*",
                "fflate": "~0.6.9",
                "lil-gui": "~0.17.0"
            }
        },
        "node_modules/@types/webxr": {
            "version": "0.5.1",
            "resolved": "https://registry.npmjs.org/@types/webxr/-/webxr-0.5.1.tgz",
            "integrity": "sha512-xlFXPfgJR5vIuDefhaHuUM9uUgvPaXB6GKdXy2gdEh8gBWQZ2ul24AJz3foUd8NNKlSTQuWYJpCb1/pL81m1KQ=="
        },
        "node_modules/acorn": {
            "version": "7.4.1",
            "resolved": "https://registry.npmjs.org/acorn/-/acorn-7.4.1.tgz",
            "integrity": "sha512-nQyp0o1/mNdbTO1PO6kHkwSrmgZ0MT/jCCpNiwbUjGoRN4dlBhqJtoQuCnEOKzgTVwg0ZWiCoQy6SxMebQVh8A==",
            "bin": {
                "acorn": "bin/acorn"
            },
            "engines": {
                "node": ">=0.4.0"
            }
        },
        "node_modules/builtin-modules": {
            "version": "3.1.0",
            "resolved": "https://registry.npmjs.org/builtin-modules/-/builtin-modules-3.1.0.tgz",
            "integrity": "sha512-k0KL0aWZuBt2lrxrcASWDfwOLMnodeQjodT/1SxEQAXsHANgo6ZC/VEaSEHCXt7aSTZ4/4H5LKa+tBXmW7Vtvw==",
            "engines": {
                "node": ">=6"
            }
        },
        "node_modules/bulma": {
            "version": "0.7.5",
            "resolved": "https://registry.npmjs.org/bulma/-/bulma-0.7.5.tgz",
            "integrity": "sha512-cX98TIn0I6sKba/DhW0FBjtaDpxTelU166pf7ICXpCCuplHWyu6C9LYZmL5PEsnePIeJaiorsTEzzNk3Tsm1hw=="
        },
        "node_modules/estree-walker": {
            "version": "0.6.1",
            "resolved": "https://registry.npmjs.org/estree-walker/-/estree-walker-0.6.1.tgz",
            "integrity": "sha512-SqmZANLWS0mnatqbSfRP5g8OXZC12Fgg1IwNtLsyHDzJizORW4khDfjPqJZsemPWBB2uqykUah5YpQ6epsqC/w=="
        },
        "node_modules/fflate": {
            "version": "0.6.10",
            "resolved": "https://registry.npmjs.org/fflate/-/fflate-0.6.10.tgz",
            "integrity": "sha512-IQrh3lEPM93wVCEczc9SaAOvkmcoQn/G8Bo1e8ZPlY3X3bnAxWaBdvTdvM1hP62iZp0BXWDy4vTAy4fF0+Dlpg=="
        },
        "node_modules/is-module": {
            "version": "1.0.0",
            "resolved": "https://registry.npmjs.org/is-module/-/is-module-1.0.0.tgz",
            "integrity": "sha1-Mlj7afeMFNW4FdZkM2tM/7ZEFZE="
        },
        "node_modules/lil-gui": {
            "version": "0.17.0",
            "resolved": "https://registry.npmjs.org/lil-gui/-/lil-gui-0.17.0.tgz",
            "integrity": "sha512-MVBHmgY+uEbmJNApAaPbtvNh1RCAeMnKym82SBjtp5rODTYKWtM+MXHCifLe2H2Ti1HuBGBtK/5SyG4ShQ3pUQ=="
        },
        "node_modules/path-parse": {
            "version": "1.0.6",
            "resolved": "https://registry.npmjs.org/path-parse/-/path-parse-1.0.6.tgz",
            "integrity": "sha512-GSmOT2EbHrINBf9SR7CDELwlJ8AENk3Qn7OikK4nFYAu3Ote2+JYNVvkpAEQm3/TLNEJFD/xZJjzyxg3KBWOzw=="
        },
        "node_modules/resolve": {
            "version": "1.12.0",
            "resolved": "https://registry.npmjs.org/resolve/-/resolve-1.12.0.tgz",
            "integrity": "sha512-B/dOmuoAik5bKcD6s6nXDCjzUKnaDvdkRyAk6rsmsKLipWj4797iothd7jmmUhWTfinVMU+wc56rYKsit2Qy4w==",
            "dependencies": {
                "path-parse": "^1.0.6"
            }
        },
        "node_modules/rollup": {
            "version": "1.32.1",
            "resolved": "https://registry.npmjs.org/rollup/-/rollup-1.32.1.tgz",
            "integrity": "sha512-/2HA0Ec70TvQnXdzynFffkjA6XN+1e2pEv/uKS5Ulca40g2L7KuOE3riasHoNVHOsFD5KKZgDsMk1CP3Tw9s+A==",
            "dependencies": {
                "@types/estree": "*",
                "@types/node": "*",
                "acorn": "^7.1.0"
            },
            "bin": {
                "rollup": "dist/bin/rollup"
            }
        },
        "node_modules/rollup-plugin-node-resolve": {
            "version": "5.2.0",
            "resolved": "https://registry.npmjs.org/rollup-plugin-node-resolve/-/rollup-plugin-node-resolve-5.2.0.tgz",
            "integrity": "sha512-jUlyaDXts7TW2CqQ4GaO5VJ4PwwaV8VUGA7+km3n6k6xtOEacf61u0VXwN80phY/evMcaS+9eIeJ9MOyDxt5Zw==",
            "deprecated": "This package has been deprecated and is no longer maintained. Please use @rollup/plugin-node-resolve.",
            "dependencies": {
                "@types/resolve": "0.0.8",
                "builtin-modules": "^3.1.0",
                "is-module": "^1.0.0",
                "resolve": "^1.11.1",
                "rollup-pluginutils": "^2.8.1"
            },
            "peerDependencies": {
                "rollup": ">=1.11.0"
            }
        },
        "node_modules/rollup-pluginutils": {
            "version": "2.8.1",
            "resolved": "https://registry.npmjs.org/rollup-pluginutils/-/rollup-pluginutils-2.8.1.tgz",
            "integrity": "sha512-J5oAoysWar6GuZo0s+3bZ6sVZAC0pfqKz68De7ZgDi5z63jOVZn1uJL/+z1jeKHNbGII8kAyHF5q8LnxSX5lQg==",
            "dependencies": {
                "estree-walker": "^0.6.1"
            }
        },
        "node_modules/three": {
            "version": "0.152.2",
            "resolved": "https://registry.npmjs.org/three/-/three-0.152.2.tgz",
            "integrity": "sha512-Ff9zIpSfkkqcBcpdiFo2f35vA9ZucO+N8TNacJOqaEE6DrB0eufItVMib8bK8Pcju/ZNT6a7blE1GhTpkdsILw=="
        }
    }
}
